// !$*UTF8*$!
{
	archiveVersion = 1;
	classes = {
	};
	objectVersion = 55;
	objects = {

/* Begin PBXBuildFile section */
		04AA059D27845C9300D6C32A /* AppDelegate.swift in Sources */ = {isa = PBXBuildFile; fileRef = 04AA059C27845C9300D6C32A /* AppDelegate.swift */; };
		04AA059F27845C9300D6C32A /* SceneDelegate.swift in Sources */ = {isa = PBXBuildFile; fileRef = 04AA059E27845C9300D6C32A /* SceneDelegate.swift */; };
		04AA05A127845C9300D6C32A /* ViewController.swift in Sources */ = {isa = PBXBuildFile; fileRef = 04AA05A027845C9300D6C32A /* ViewController.swift */; };
		04AA05A427845C9300D6C32A /* Main.storyboard in Resources */ = {isa = PBXBuildFile; fileRef = 04AA05A227845C9300D6C32A /* Main.storyboard */; };
		04AA05A627845C9500D6C32A /* Assets.xcassets in Resources */ = {isa = PBXBuildFile; fileRef = 04AA05A527845C9500D6C32A /* Assets.xcassets */; };
		04AA05A927845C9500D6C32A /* LaunchScreen.storyboard in Resources */ = {isa = PBXBuildFile; fileRef = 04AA05A727845C9500D6C32A /* LaunchScreen.storyboard */; };
		04AA05B427845C9500D6C32A /* socializerTests.swift in Sources */ = {isa = PBXBuildFile; fileRef = 04AA05B327845C9500D6C32A /* socializerTests.swift */; };
		04AA05BE27845C9500D6C32A /* socializerUITests.swift in Sources */ = {isa = PBXBuildFile; fileRef = 04AA05BD27845C9500D6C32A /* socializerUITests.swift */; };
		04AA05C027845C9500D6C32A /* socializerUITestsLaunchTests.swift in Sources */ = {isa = PBXBuildFile; fileRef = 04AA05BF27845C9500D6C32A /* socializerUITestsLaunchTests.swift */; };
		04AA05D427845CA900D6C32A /* preferredLoginMethod.swift in Sources */ = {isa = PBXBuildFile; fileRef = 04AA05CD27845CA900D6C32A /* preferredLoginMethod.swift */; };
		04AA05D527845CA900D6C32A /* AuthServiceProtocol.swift in Sources */ = {isa = PBXBuildFile; fileRef = 04AA05CE27845CA900D6C32A /* AuthServiceProtocol.swift */; };
		04AA05D627845CA900D6C32A /* UserAuthenticator.swift in Sources */ = {isa = PBXBuildFile; fileRef = 04AA05CF27845CA900D6C32A /* UserAuthenticator.swift */; };
		04AA05D727845CA900D6C32A /* AppleLoginService.swift in Sources */ = {isa = PBXBuildFile; fileRef = 04AA05D127845CA900D6C32A /* AppleLoginService.swift */; };
		04AA05D827845CA900D6C32A /* GoogleLoginService.swift in Sources */ = {isa = PBXBuildFile; fileRef = 04AA05D227845CA900D6C32A /* GoogleLoginService.swift */; };
		04AA05D927845CA900D6C32A /* FacebookLoginService.swift in Sources */ = {isa = PBXBuildFile; fileRef = 04AA05D327845CA900D6C32A /* FacebookLoginService.swift */; };
		71F86CD4449AB31CF2E85316 /* Pods_socializer.framework in Frameworks */ = {isa = PBXBuildFile; fileRef = D2B2058FE2BCD84B6C3D4B6C /* Pods_socializer.framework */; };
		7A8014E245BB5EEDCFD6CAC5 /* Pods_socializer_socializerUITests.framework in Frameworks */ = {isa = PBXBuildFile; fileRef = 879F9C46AD2694F1E06D0550 /* Pods_socializer_socializerUITests.framework */; };
		EA4FC0B344556875B93EA86B /* Pods_socializerTests.framework in Frameworks */ = {isa = PBXBuildFile; fileRef = 491E0DD154185CF26079E430 /* Pods_socializerTests.framework */; };
/* End PBXBuildFile section */

/* Begin PBXContainerItemProxy section */
		04AA05B027845C9500D6C32A /* PBXContainerItemProxy */ = {
			isa = PBXContainerItemProxy;
			containerPortal = 04AA059127845C9300D6C32A /* Project object */;
			proxyType = 1;
			remoteGlobalIDString = 04AA059827845C9300D6C32A;
			remoteInfo = socializer;
		};
		04AA05BA27845C9500D6C32A /* PBXContainerItemProxy */ = {
			isa = PBXContainerItemProxy;
			containerPortal = 04AA059127845C9300D6C32A /* Project object */;
			proxyType = 1;
			remoteGlobalIDString = 04AA059827845C9300D6C32A;
			remoteInfo = socializer;
		};
/* End PBXContainerItemProxy section */

/* Begin PBXFileReference section */
		04AA059927845C9300D6C32A /* socializer.app */ = {isa = PBXFileReference; explicitFileType = wrapper.application; includeInIndex = 0; path = socializer.app; sourceTree = BUILT_PRODUCTS_DIR; };
		04AA059C27845C9300D6C32A /* AppDelegate.swift */ = {isa = PBXFileReference; lastKnownFileType = sourcecode.swift; path = AppDelegate.swift; sourceTree = "<group>"; };
		04AA059E27845C9300D6C32A /* SceneDelegate.swift */ = {isa = PBXFileReference; lastKnownFileType = sourcecode.swift; path = SceneDelegate.swift; sourceTree = "<group>"; };
		04AA05A027845C9300D6C32A /* ViewController.swift */ = {isa = PBXFileReference; lastKnownFileType = sourcecode.swift; path = ViewController.swift; sourceTree = "<group>"; };
		04AA05A327845C9300D6C32A /* Base */ = {isa = PBXFileReference; lastKnownFileType = file.storyboard; name = Base; path = Base.lproj/Main.storyboard; sourceTree = "<group>"; };
		04AA05A527845C9500D6C32A /* Assets.xcassets */ = {isa = PBXFileReference; lastKnownFileType = folder.assetcatalog; path = Assets.xcassets; sourceTree = "<group>"; };
		04AA05A827845C9500D6C32A /* Base */ = {isa = PBXFileReference; lastKnownFileType = file.storyboard; name = Base; path = Base.lproj/LaunchScreen.storyboard; sourceTree = "<group>"; };
		04AA05AA27845C9500D6C32A /* Info.plist */ = {isa = PBXFileReference; lastKnownFileType = text.plist.xml; path = Info.plist; sourceTree = "<group>"; };
		04AA05AF27845C9500D6C32A /* socializerTests.xctest */ = {isa = PBXFileReference; explicitFileType = wrapper.cfbundle; includeInIndex = 0; path = socializerTests.xctest; sourceTree = BUILT_PRODUCTS_DIR; };
		04AA05B327845C9500D6C32A /* socializerTests.swift */ = {isa = PBXFileReference; lastKnownFileType = sourcecode.swift; path = socializerTests.swift; sourceTree = "<group>"; };
		04AA05B927845C9500D6C32A /* socializerUITests.xctest */ = {isa = PBXFileReference; explicitFileType = wrapper.cfbundle; includeInIndex = 0; path = socializerUITests.xctest; sourceTree = BUILT_PRODUCTS_DIR; };
		04AA05BD27845C9500D6C32A /* socializerUITests.swift */ = {isa = PBXFileReference; lastKnownFileType = sourcecode.swift; path = socializerUITests.swift; sourceTree = "<group>"; };
		04AA05BF27845C9500D6C32A /* socializerUITestsLaunchTests.swift */ = {isa = PBXFileReference; lastKnownFileType = sourcecode.swift; path = socializerUITestsLaunchTests.swift; sourceTree = "<group>"; };
		04AA05CD27845CA900D6C32A /* preferredLoginMethod.swift */ = {isa = PBXFileReference; fileEncoding = 4; lastKnownFileType = sourcecode.swift; path = preferredLoginMethod.swift; sourceTree = "<group>"; };
		04AA05CE27845CA900D6C32A /* AuthServiceProtocol.swift */ = {isa = PBXFileReference; fileEncoding = 4; lastKnownFileType = sourcecode.swift; path = AuthServiceProtocol.swift; sourceTree = "<group>"; };
		04AA05CF27845CA900D6C32A /* UserAuthenticator.swift */ = {isa = PBXFileReference; fileEncoding = 4; lastKnownFileType = sourcecode.swift; path = UserAuthenticator.swift; sourceTree = "<group>"; };
		04AA05D127845CA900D6C32A /* AppleLoginService.swift */ = {isa = PBXFileReference; fileEncoding = 4; lastKnownFileType = sourcecode.swift; path = AppleLoginService.swift; sourceTree = "<group>"; };
		04AA05D227845CA900D6C32A /* GoogleLoginService.swift */ = {isa = PBXFileReference; fileEncoding = 4; lastKnownFileType = sourcecode.swift; path = GoogleLoginService.swift; sourceTree = "<group>"; };
		04AA05D327845CA900D6C32A /* FacebookLoginService.swift */ = {isa = PBXFileReference; fileEncoding = 4; lastKnownFileType = sourcecode.swift; path = FacebookLoginService.swift; sourceTree = "<group>"; };
		04AA05DA27845D9300D6C32A /* socializer.entitlements */ = {isa = PBXFileReference; lastKnownFileType = text.plist.entitlements; path = socializer.entitlements; sourceTree = "<group>"; };
		14023B50CCCF699D3F1227BB /* Pods-socializerTests.debug.xcconfig */ = {isa = PBXFileReference; includeInIndex = 1; lastKnownFileType = text.xcconfig; name = "Pods-socializerTests.debug.xcconfig"; path = "Target Support Files/Pods-socializerTests/Pods-socializerTests.debug.xcconfig"; sourceTree = "<group>"; };
		491E0DD154185CF26079E430 /* Pods_socializerTests.framework */ = {isa = PBXFileReference; explicitFileType = wrapper.framework; includeInIndex = 0; path = Pods_socializerTests.framework; sourceTree = BUILT_PRODUCTS_DIR; };
		879F9C46AD2694F1E06D0550 /* Pods_socializer_socializerUITests.framework */ = {isa = PBXFileReference; explicitFileType = wrapper.framework; includeInIndex = 0; path = Pods_socializer_socializerUITests.framework; sourceTree = BUILT_PRODUCTS_DIR; };
		8AD6DB4B79A1BBA0238AA466 /* Pods-socializer.release.xcconfig */ = {isa = PBXFileReference; includeInIndex = 1; lastKnownFileType = text.xcconfig; name = "Pods-socializer.release.xcconfig"; path = "Target Support Files/Pods-socializer/Pods-socializer.release.xcconfig"; sourceTree = "<group>"; };
		95F9B19C58135AD745810CB2 /* Pods-socializerTests.release.xcconfig */ = {isa = PBXFileReference; includeInIndex = 1; lastKnownFileType = text.xcconfig; name = "Pods-socializerTests.release.xcconfig"; path = "Target Support Files/Pods-socializerTests/Pods-socializerTests.release.xcconfig"; sourceTree = "<group>"; };
		A0D962B08DEDE5D13B8EE12D /* Pods-socializer-socializerUITests.release.xcconfig */ = {isa = PBXFileReference; includeInIndex = 1; lastKnownFileType = text.xcconfig; name = "Pods-socializer-socializerUITests.release.xcconfig"; path = "Target Support Files/Pods-socializer-socializerUITests/Pods-socializer-socializerUITests.release.xcconfig"; sourceTree = "<group>"; };
		BA7DFBF4BD7C6CA402AC91A8 /* Pods-socializer-socializerUITests.debug.xcconfig */ = {isa = PBXFileReference; includeInIndex = 1; lastKnownFileType = text.xcconfig; name = "Pods-socializer-socializerUITests.debug.xcconfig"; path = "Target Support Files/Pods-socializer-socializerUITests/Pods-socializer-socializerUITests.debug.xcconfig"; sourceTree = "<group>"; };
		D2B2058FE2BCD84B6C3D4B6C /* Pods_socializer.framework */ = {isa = PBXFileReference; explicitFileType = wrapper.framework; includeInIndex = 0; path = Pods_socializer.framework; sourceTree = BUILT_PRODUCTS_DIR; };
		ED4BC80D58DC44AC3760573C /* Pods-socializer.debug.xcconfig */ = {isa = PBXFileReference; includeInIndex = 1; lastKnownFileType = text.xcconfig; name = "Pods-socializer.debug.xcconfig"; path = "Target Support Files/Pods-socializer/Pods-socializer.debug.xcconfig"; sourceTree = "<group>"; };
/* End PBXFileReference section */

/* Begin PBXFrameworksBuildPhase section */
		04AA059627845C9300D6C32A /* Frameworks */ = {
			isa = PBXFrameworksBuildPhase;
			buildActionMask = 2147483647;
			files = (
				71F86CD4449AB31CF2E85316 /* Pods_socializer.framework in Frameworks */,
			);
			runOnlyForDeploymentPostprocessing = 0;
		};
		04AA05AC27845C9500D6C32A /* Frameworks */ = {
			isa = PBXFrameworksBuildPhase;
			buildActionMask = 2147483647;
			files = (
				EA4FC0B344556875B93EA86B /* Pods_socializerTests.framework in Frameworks */,
			);
			runOnlyForDeploymentPostprocessing = 0;
		};
		04AA05B627845C9500D6C32A /* Frameworks */ = {
			isa = PBXFrameworksBuildPhase;
			buildActionMask = 2147483647;
			files = (
				7A8014E245BB5EEDCFD6CAC5 /* Pods_socializer_socializerUITests.framework in Frameworks */,
			);
			runOnlyForDeploymentPostprocessing = 0;
		};
/* End PBXFrameworksBuildPhase section */

/* Begin PBXGroup section */
		04AA059027845C9300D6C32A = {
			isa = PBXGroup;
			children = (
				04AA059B27845C9300D6C32A /* socializer */,
				04AA05B227845C9500D6C32A /* socializerTests */,
				04AA05BC27845C9500D6C32A /* socializerUITests */,
				04AA059A27845C9300D6C32A /* Products */,
				0AE5268882DF4508C7AE48D0 /* Pods */,
				4EB54F01872A120C4AF46911 /* Frameworks */,
			);
			sourceTree = "<group>";
		};
		04AA059A27845C9300D6C32A /* Products */ = {
			isa = PBXGroup;
			children = (
				04AA059927845C9300D6C32A /* socializer.app */,
				04AA05AF27845C9500D6C32A /* socializerTests.xctest */,
				04AA05B927845C9500D6C32A /* socializerUITests.xctest */,
			);
			name = Products;
			sourceTree = "<group>";
		};
		04AA059B27845C9300D6C32A /* socializer */ = {
			isa = PBXGroup;
			children = (
				04AA05DA27845D9300D6C32A /* socializer.entitlements */,
				04AA059C27845C9300D6C32A /* AppDelegate.swift */,
				04AA059E27845C9300D6C32A /* SceneDelegate.swift */,
				04AA05A027845C9300D6C32A /* ViewController.swift */,
				04AA05CC27845CA900D6C32A /* Socializer */,
				04AA05A227845C9300D6C32A /* Main.storyboard */,
				04AA05A527845C9500D6C32A /* Assets.xcassets */,
				04AA05A727845C9500D6C32A /* LaunchScreen.storyboard */,
				04AA05AA27845C9500D6C32A /* Info.plist */,
			);
			path = socializer;
			sourceTree = "<group>";
		};
		04AA05B227845C9500D6C32A /* socializerTests */ = {
			isa = PBXGroup;
			children = (
				04AA05B327845C9500D6C32A /* socializerTests.swift */,
			);
			path = socializerTests;
			sourceTree = "<group>";
		};
		04AA05BC27845C9500D6C32A /* socializerUITests */ = {
			isa = PBXGroup;
			children = (
				04AA05BD27845C9500D6C32A /* socializerUITests.swift */,
				04AA05BF27845C9500D6C32A /* socializerUITestsLaunchTests.swift */,
			);
			path = socializerUITests;
			sourceTree = "<group>";
		};
		04AA05CC27845CA900D6C32A /* Socializer */ = {
			isa = PBXGroup;
			children = (
				04AA05CD27845CA900D6C32A /* preferredLoginMethod.swift */,
				04AA05CE27845CA900D6C32A /* AuthServiceProtocol.swift */,
				04AA05CF27845CA900D6C32A /* UserAuthenticator.swift */,
				04AA05D027845CA900D6C32A /* SocialLoginServices */,
			);
			path = Socializer;
			sourceTree = "<group>";
		};
		04AA05D027845CA900D6C32A /* SocialLoginServices */ = {
			isa = PBXGroup;
			children = (
				04AA05D127845CA900D6C32A /* AppleLoginService.swift */,
				04AA05D227845CA900D6C32A /* GoogleLoginService.swift */,
				04AA05D327845CA900D6C32A /* FacebookLoginService.swift */,
			);
			path = SocialLoginServices;
			sourceTree = "<group>";
		};
		0AE5268882DF4508C7AE48D0 /* Pods */ = {
			isa = PBXGroup;
			children = (
				ED4BC80D58DC44AC3760573C /* Pods-socializer.debug.xcconfig */,
				8AD6DB4B79A1BBA0238AA466 /* Pods-socializer.release.xcconfig */,
				BA7DFBF4BD7C6CA402AC91A8 /* Pods-socializer-socializerUITests.debug.xcconfig */,
				A0D962B08DEDE5D13B8EE12D /* Pods-socializer-socializerUITests.release.xcconfig */,
				14023B50CCCF699D3F1227BB /* Pods-socializerTests.debug.xcconfig */,
				95F9B19C58135AD745810CB2 /* Pods-socializerTests.release.xcconfig */,
			);
			path = Pods;
			sourceTree = "<group>";
		};
		4EB54F01872A120C4AF46911 /* Frameworks */ = {
			isa = PBXGroup;
			children = (
				D2B2058FE2BCD84B6C3D4B6C /* Pods_socializer.framework */,
				879F9C46AD2694F1E06D0550 /* Pods_socializer_socializerUITests.framework */,
				491E0DD154185CF26079E430 /* Pods_socializerTests.framework */,
			);
			name = Frameworks;
			sourceTree = "<group>";
		};
/* End PBXGroup section */

/* Begin PBXNativeTarget section */
		04AA059827845C9300D6C32A /* socializer */ = {
			isa = PBXNativeTarget;
			buildConfigurationList = 04AA05C327845C9500D6C32A /* Build configuration list for PBXNativeTarget "socializer" */;
			buildPhases = (
				A8213E2F97EE1ABE28A66A7F /* [CP] Check Pods Manifest.lock */,
				04AA059527845C9300D6C32A /* Sources */,
				04AA059627845C9300D6C32A /* Frameworks */,
				04AA059727845C9300D6C32A /* Resources */,
				A31D81D0019815BDD9AF0503 /* [CP] Embed Pods Frameworks */,
			);
			buildRules = (
			);
			dependencies = (
			);
			name = socializer;
			productName = socializer;
			productReference = 04AA059927845C9300D6C32A /* socializer.app */;
			productType = "com.apple.product-type.application";
		};
		04AA05AE27845C9500D6C32A /* socializerTests */ = {
			isa = PBXNativeTarget;
			buildConfigurationList = 04AA05C627845C9500D6C32A /* Build configuration list for PBXNativeTarget "socializerTests" */;
			buildPhases = (
				9949F06C679007E07531927D /* [CP] Check Pods Manifest.lock */,
				04AA05AB27845C9500D6C32A /* Sources */,
				04AA05AC27845C9500D6C32A /* Frameworks */,
				04AA05AD27845C9500D6C32A /* Resources */,
			);
			buildRules = (
			);
			dependencies = (
				04AA05B127845C9500D6C32A /* PBXTargetDependency */,
			);
			name = socializerTests;
			productName = socializerTests;
			productReference = 04AA05AF27845C9500D6C32A /* socializerTests.xctest */;
			productType = "com.apple.product-type.bundle.unit-test";
		};
		04AA05B827845C9500D6C32A /* socializerUITests */ = {
			isa = PBXNativeTarget;
			buildConfigurationList = 04AA05C927845C9500D6C32A /* Build configuration list for PBXNativeTarget "socializerUITests" */;
			buildPhases = (
				9B72A8E80811E9600EB61808 /* [CP] Check Pods Manifest.lock */,
				04AA05B527845C9500D6C32A /* Sources */,
				04AA05B627845C9500D6C32A /* Frameworks */,
				04AA05B727845C9500D6C32A /* Resources */,
				E4AC79BDFCC18FF625A1A794 /* [CP] Embed Pods Frameworks */,
			);
			buildRules = (
			);
			dependencies = (
				04AA05BB27845C9500D6C32A /* PBXTargetDependency */,
			);
			name = socializerUITests;
			productName = socializerUITests;
			productReference = 04AA05B927845C9500D6C32A /* socializerUITests.xctest */;
			productType = "com.apple.product-type.bundle.ui-testing";
		};
/* End PBXNativeTarget section */

/* Begin PBXProject section */
		04AA059127845C9300D6C32A /* Project object */ = {
			isa = PBXProject;
			attributes = {
				BuildIndependentTargetsInParallel = 1;
				LastSwiftUpdateCheck = 1310;
				LastUpgradeCheck = 1310;
				TargetAttributes = {
					04AA059827845C9300D6C32A = {
						CreatedOnToolsVersion = 13.1;
					};
					04AA05AE27845C9500D6C32A = {
						CreatedOnToolsVersion = 13.1;
						TestTargetID = 04AA059827845C9300D6C32A;
					};
					04AA05B827845C9500D6C32A = {
						CreatedOnToolsVersion = 13.1;
						TestTargetID = 04AA059827845C9300D6C32A;
					};
				};
			};
			buildConfigurationList = 04AA059427845C9300D6C32A /* Build configuration list for PBXProject "socializer" */;
			compatibilityVersion = "Xcode 13.0";
			developmentRegion = en;
			hasScannedForEncodings = 0;
			knownRegions = (
				en,
				Base,
			);
			mainGroup = 04AA059027845C9300D6C32A;
			productRefGroup = 04AA059A27845C9300D6C32A /* Products */;
			projectDirPath = "";
			projectRoot = "";
			targets = (
				04AA059827845C9300D6C32A /* socializer */,
				04AA05AE27845C9500D6C32A /* socializerTests */,
				04AA05B827845C9500D6C32A /* socializerUITests */,
			);
		};
/* End PBXProject section */

/* Begin PBXResourcesBuildPhase section */
		04AA059727845C9300D6C32A /* Resources */ = {
			isa = PBXResourcesBuildPhase;
			buildActionMask = 2147483647;
			files = (
				04AA05A927845C9500D6C32A /* LaunchScreen.storyboard in Resources */,
				04AA05A627845C9500D6C32A /* Assets.xcassets in Resources */,
				04AA05A427845C9300D6C32A /* Main.storyboard in Resources */,
			);
			runOnlyForDeploymentPostprocessing = 0;
		};
		04AA05AD27845C9500D6C32A /* Resources */ = {
			isa = PBXResourcesBuildPhase;
			buildActionMask = 2147483647;
			files = (
			);
			runOnlyForDeploymentPostprocessing = 0;
		};
		04AA05B727845C9500D6C32A /* Resources */ = {
			isa = PBXResourcesBuildPhase;
			buildActionMask = 2147483647;
			files = (
			);
			runOnlyForDeploymentPostprocessing = 0;
		};
/* End PBXResourcesBuildPhase section */

/* Begin PBXShellScriptBuildPhase section */
		9949F06C679007E07531927D /* [CP] Check Pods Manifest.lock */ = {
			isa = PBXShellScriptBuildPhase;
			buildActionMask = 2147483647;
			files = (
			);
			inputFileListPaths = (
			);
			inputPaths = (
				"${PODS_PODFILE_DIR_PATH}/Podfile.lock",
				"${PODS_ROOT}/Manifest.lock",
			);
			name = "[CP] Check Pods Manifest.lock";
			outputFileListPaths = (
			);
			outputPaths = (
				"$(DERIVED_FILE_DIR)/Pods-socializerTests-checkManifestLockResult.txt",
			);
			runOnlyForDeploymentPostprocessing = 0;
			shellPath = /bin/sh;
			shellScript = "diff \"${PODS_PODFILE_DIR_PATH}/Podfile.lock\" \"${PODS_ROOT}/Manifest.lock\" > /dev/null\nif [ $? != 0 ] ; then\n    # print error to STDERR\n    echo \"error: The sandbox is not in sync with the Podfile.lock. Run 'pod install' or update your CocoaPods installation.\" >&2\n    exit 1\nfi\n# This output is used by Xcode 'outputs' to avoid re-running this script phase.\necho \"SUCCESS\" > \"${SCRIPT_OUTPUT_FILE_0}\"\n";
			showEnvVarsInLog = 0;
		};
		9B72A8E80811E9600EB61808 /* [CP] Check Pods Manifest.lock */ = {
			isa = PBXShellScriptBuildPhase;
			buildActionMask = 2147483647;
			files = (
			);
			inputFileListPaths = (
			);
			inputPaths = (
				"${PODS_PODFILE_DIR_PATH}/Podfile.lock",
				"${PODS_ROOT}/Manifest.lock",
			);
			name = "[CP] Check Pods Manifest.lock";
			outputFileListPaths = (
			);
			outputPaths = (
				"$(DERIVED_FILE_DIR)/Pods-socializer-socializerUITests-checkManifestLockResult.txt",
			);
			runOnlyForDeploymentPostprocessing = 0;
			shellPath = /bin/sh;
			shellScript = "diff \"${PODS_PODFILE_DIR_PATH}/Podfile.lock\" \"${PODS_ROOT}/Manifest.lock\" > /dev/null\nif [ $? != 0 ] ; then\n    # print error to STDERR\n    echo \"error: The sandbox is not in sync with the Podfile.lock. Run 'pod install' or update your CocoaPods installation.\" >&2\n    exit 1\nfi\n# This output is used by Xcode 'outputs' to avoid re-running this script phase.\necho \"SUCCESS\" > \"${SCRIPT_OUTPUT_FILE_0}\"\n";
			showEnvVarsInLog = 0;
		};
		A31D81D0019815BDD9AF0503 /* [CP] Embed Pods Frameworks */ = {
			isa = PBXShellScriptBuildPhase;
			buildActionMask = 2147483647;
			files = (
			);
			inputFileListPaths = (
				"${PODS_ROOT}/Target Support Files/Pods-socializer/Pods-socializer-frameworks-${CONFIGURATION}-input-files.xcfilelist",
			);
			name = "[CP] Embed Pods Frameworks";
			outputFileListPaths = (
				"${PODS_ROOT}/Target Support Files/Pods-socializer/Pods-socializer-frameworks-${CONFIGURATION}-output-files.xcfilelist",
			);
			runOnlyForDeploymentPostprocessing = 0;
			shellPath = /bin/sh;
			shellScript = "\"${PODS_ROOT}/Target Support Files/Pods-socializer/Pods-socializer-frameworks.sh\"\n";
			showEnvVarsInLog = 0;
		};
		A8213E2F97EE1ABE28A66A7F /* [CP] Check Pods Manifest.lock */ = {
			isa = PBXShellScriptBuildPhase;
			buildActionMask = 2147483647;
			files = (
			);
			inputFileListPaths = (
			);
			inputPaths = (
				"${PODS_PODFILE_DIR_PATH}/Podfile.lock",
				"${PODS_ROOT}/Manifest.lock",
			);
			name = "[CP] Check Pods Manifest.lock";
			outputFileListPaths = (
			);
			outputPaths = (
				"$(DERIVED_FILE_DIR)/Pods-socializer-checkManifestLockResult.txt",
			);
			runOnlyForDeploymentPostprocessing = 0;
			shellPath = /bin/sh;
			shellScript = "diff \"${PODS_PODFILE_DIR_PATH}/Podfile.lock\" \"${PODS_ROOT}/Manifest.lock\" > /dev/null\nif [ $? != 0 ] ; then\n    # print error to STDERR\n    echo \"error: The sandbox is not in sync with the Podfile.lock. Run 'pod install' or update your CocoaPods installation.\" >&2\n    exit 1\nfi\n# This output is used by Xcode 'outputs' to avoid re-running this script phase.\necho \"SUCCESS\" > \"${SCRIPT_OUTPUT_FILE_0}\"\n";
			showEnvVarsInLog = 0;
		};
		E4AC79BDFCC18FF625A1A794 /* [CP] Embed Pods Frameworks */ = {
			isa = PBXShellScriptBuildPhase;
			buildActionMask = 2147483647;
			files = (
			);
			inputFileListPaths = (
				"${PODS_ROOT}/Target Support Files/Pods-socializer-socializerUITests/Pods-socializer-socializerUITests-frameworks-${CONFIGURATION}-input-files.xcfilelist",
			);
			name = "[CP] Embed Pods Frameworks";
			outputFileListPaths = (
				"${PODS_ROOT}/Target Support Files/Pods-socializer-socializerUITests/Pods-socializer-socializerUITests-frameworks-${CONFIGURATION}-output-files.xcfilelist",
			);
			runOnlyForDeploymentPostprocessing = 0;
			shellPath = /bin/sh;
			shellScript = "\"${PODS_ROOT}/Target Support Files/Pods-socializer-socializerUITests/Pods-socializer-socializerUITests-frameworks.sh\"\n";
			showEnvVarsInLog = 0;
		};
/* End PBXShellScriptBuildPhase section */

/* Begin PBXSourcesBuildPhase section */
		04AA059527845C9300D6C32A /* Sources */ = {
			isa = PBXSourcesBuildPhase;
			buildActionMask = 2147483647;
			files = (
				04AA05D627845CA900D6C32A /* UserAuthenticator.swift in Sources */,
				04AA05A127845C9300D6C32A /* ViewController.swift in Sources */,
				04AA05D927845CA900D6C32A /* FacebookLoginService.swift in Sources */,
				04AA05D827845CA900D6C32A /* GoogleLoginService.swift in Sources */,
				04AA059D27845C9300D6C32A /* AppDelegate.swift in Sources */,
				04AA05D427845CA900D6C32A /* preferredLoginMethod.swift in Sources */,
				04AA05D527845CA900D6C32A /* AuthServiceProtocol.swift in Sources */,
				04AA05D727845CA900D6C32A /* AppleLoginService.swift in Sources */,
				04AA059F27845C9300D6C32A /* SceneDelegate.swift in Sources */,
			);
			runOnlyForDeploymentPostprocessing = 0;
		};
		04AA05AB27845C9500D6C32A /* Sources */ = {
			isa = PBXSourcesBuildPhase;
			buildActionMask = 2147483647;
			files = (
				04AA05B427845C9500D6C32A /* socializerTests.swift in Sources */,
			);
			runOnlyForDeploymentPostprocessing = 0;
		};
		04AA05B527845C9500D6C32A /* Sources */ = {
			isa = PBXSourcesBuildPhase;
			buildActionMask = 2147483647;
			files = (
				04AA05BE27845C9500D6C32A /* socializerUITests.swift in Sources */,
				04AA05C027845C9500D6C32A /* socializerUITestsLaunchTests.swift in Sources */,
			);
			runOnlyForDeploymentPostprocessing = 0;
		};
/* End PBXSourcesBuildPhase section */

/* Begin PBXTargetDependency section */
		04AA05B127845C9500D6C32A /* PBXTargetDependency */ = {
			isa = PBXTargetDependency;
			target = 04AA059827845C9300D6C32A /* socializer */;
			targetProxy = 04AA05B027845C9500D6C32A /* PBXContainerItemProxy */;
		};
		04AA05BB27845C9500D6C32A /* PBXTargetDependency */ = {
			isa = PBXTargetDependency;
			target = 04AA059827845C9300D6C32A /* socializer */;
			targetProxy = 04AA05BA27845C9500D6C32A /* PBXContainerItemProxy */;
		};
/* End PBXTargetDependency section */

/* Begin PBXVariantGroup section */
		04AA05A227845C9300D6C32A /* Main.storyboard */ = {
			isa = PBXVariantGroup;
			children = (
				04AA05A327845C9300D6C32A /* Base */,
			);
			name = Main.storyboard;
			sourceTree = "<group>";
		};
		04AA05A727845C9500D6C32A /* LaunchScreen.storyboard */ = {
			isa = PBXVariantGroup;
			children = (
				04AA05A827845C9500D6C32A /* Base */,
			);
			name = LaunchScreen.storyboard;
			sourceTree = "<group>";
		};
/* End PBXVariantGroup section */

/* Begin XCBuildConfiguration section */
		04AA05C127845C9500D6C32A /* Debug */ = {
			isa = XCBuildConfiguration;
			buildSettings = {
				ALWAYS_SEARCH_USER_PATHS = NO;
				CLANG_ANALYZER_NONNULL = YES;
				CLANG_ANALYZER_NUMBER_OBJECT_CONVERSION = YES_AGGRESSIVE;
				CLANG_CXX_LANGUAGE_STANDARD = "gnu++17";
				CLANG_CXX_LIBRARY = "libc++";
				CLANG_ENABLE_MODULES = YES;
				CLANG_ENABLE_OBJC_ARC = YES;
				CLANG_ENABLE_OBJC_WEAK = YES;
				CLANG_WARN_BLOCK_CAPTURE_AUTORELEASING = YES;
				CLANG_WARN_BOOL_CONVERSION = YES;
				CLANG_WARN_COMMA = YES;
				CLANG_WARN_CONSTANT_CONVERSION = YES;
				CLANG_WARN_DEPRECATED_OBJC_IMPLEMENTATIONS = YES;
				CLANG_WARN_DIRECT_OBJC_ISA_USAGE = YES_ERROR;
				CLANG_WARN_DOCUMENTATION_COMMENTS = YES;
				CLANG_WARN_EMPTY_BODY = YES;
				CLANG_WARN_ENUM_CONVERSION = YES;
				CLANG_WARN_INFINITE_RECURSION = YES;
				CLANG_WARN_INT_CONVERSION = YES;
				CLANG_WARN_NON_LITERAL_NULL_CONVERSION = YES;
				CLANG_WARN_OBJC_IMPLICIT_RETAIN_SELF = YES;
				CLANG_WARN_OBJC_LITERAL_CONVERSION = YES;
				CLANG_WARN_OBJC_ROOT_CLASS = YES_ERROR;
				CLANG_WARN_QUOTED_INCLUDE_IN_FRAMEWORK_HEADER = YES;
				CLANG_WARN_RANGE_LOOP_ANALYSIS = YES;
				CLANG_WARN_STRICT_PROTOTYPES = YES;
				CLANG_WARN_SUSPICIOUS_MOVE = YES;
				CLANG_WARN_UNGUARDED_AVAILABILITY = YES_AGGRESSIVE;
				CLANG_WARN_UNREACHABLE_CODE = YES;
				CLANG_WARN__DUPLICATE_METHOD_MATCH = YES;
				COPY_PHASE_STRIP = NO;
				DEBUG_INFORMATION_FORMAT = dwarf;
				ENABLE_STRICT_OBJC_MSGSEND = YES;
				ENABLE_TESTABILITY = YES;
				GCC_C_LANGUAGE_STANDARD = gnu11;
				GCC_DYNAMIC_NO_PIC = NO;
				GCC_NO_COMMON_BLOCKS = YES;
				GCC_OPTIMIZATION_LEVEL = 0;
				GCC_PREPROCESSOR_DEFINITIONS = (
					"DEBUG=1",
					"$(inherited)",
				);
				GCC_WARN_64_TO_32_BIT_CONVERSION = YES;
				GCC_WARN_ABOUT_RETURN_TYPE = YES_ERROR;
				GCC_WARN_UNDECLARED_SELECTOR = YES;
				GCC_WARN_UNINITIALIZED_AUTOS = YES_AGGRESSIVE;
				GCC_WARN_UNUSED_FUNCTION = YES;
				GCC_WARN_UNUSED_VARIABLE = YES;
				IPHONEOS_DEPLOYMENT_TARGET = 15.0;
				MTL_ENABLE_DEBUG_INFO = INCLUDE_SOURCE;
				MTL_FAST_MATH = YES;
				ONLY_ACTIVE_ARCH = YES;
				SDKROOT = iphoneos;
				SWIFT_ACTIVE_COMPILATION_CONDITIONS = DEBUG;
				SWIFT_OPTIMIZATION_LEVEL = "-Onone";
			};
			name = Debug;
		};
		04AA05C227845C9500D6C32A /* Release */ = {
			isa = XCBuildConfiguration;
			buildSettings = {
				ALWAYS_SEARCH_USER_PATHS = NO;
				CLANG_ANALYZER_NONNULL = YES;
				CLANG_ANALYZER_NUMBER_OBJECT_CONVERSION = YES_AGGRESSIVE;
				CLANG_CXX_LANGUAGE_STANDARD = "gnu++17";
				CLANG_CXX_LIBRARY = "libc++";
				CLANG_ENABLE_MODULES = YES;
				CLANG_ENABLE_OBJC_ARC = YES;
				CLANG_ENABLE_OBJC_WEAK = YES;
				CLANG_WARN_BLOCK_CAPTURE_AUTORELEASING = YES;
				CLANG_WARN_BOOL_CONVERSION = YES;
				CLANG_WARN_COMMA = YES;
				CLANG_WARN_CONSTANT_CONVERSION = YES;
				CLANG_WARN_DEPRECATED_OBJC_IMPLEMENTATIONS = YES;
				CLANG_WARN_DIRECT_OBJC_ISA_USAGE = YES_ERROR;
				CLANG_WARN_DOCUMENTATION_COMMENTS = YES;
				CLANG_WARN_EMPTY_BODY = YES;
				CLANG_WARN_ENUM_CONVERSION = YES;
				CLANG_WARN_INFINITE_RECURSION = YES;
				CLANG_WARN_INT_CONVERSION = YES;
				CLANG_WARN_NON_LITERAL_NULL_CONVERSION = YES;
				CLANG_WARN_OBJC_IMPLICIT_RETAIN_SELF = YES;
				CLANG_WARN_OBJC_LITERAL_CONVERSION = YES;
				CLANG_WARN_OBJC_ROOT_CLASS = YES_ERROR;
				CLANG_WARN_QUOTED_INCLUDE_IN_FRAMEWORK_HEADER = YES;
				CLANG_WARN_RANGE_LOOP_ANALYSIS = YES;
				CLANG_WARN_STRICT_PROTOTYPES = YES;
				CLANG_WARN_SUSPICIOUS_MOVE = YES;
				CLANG_WARN_UNGUARDED_AVAILABILITY = YES_AGGRESSIVE;
				CLANG_WARN_UNREACHABLE_CODE = YES;
				CLANG_WARN__DUPLICATE_METHOD_MATCH = YES;
				COPY_PHASE_STRIP = NO;
				DEBUG_INFORMATION_FORMAT = "dwarf-with-dsym";
				ENABLE_NS_ASSERTIONS = NO;
				ENABLE_STRICT_OBJC_MSGSEND = YES;
				GCC_C_LANGUAGE_STANDARD = gnu11;
				GCC_NO_COMMON_BLOCKS = YES;
				GCC_WARN_64_TO_32_BIT_CONVERSION = YES;
				GCC_WARN_ABOUT_RETURN_TYPE = YES_ERROR;
				GCC_WARN_UNDECLARED_SELECTOR = YES;
				GCC_WARN_UNINITIALIZED_AUTOS = YES_AGGRESSIVE;
				GCC_WARN_UNUSED_FUNCTION = YES;
				GCC_WARN_UNUSED_VARIABLE = YES;
				IPHONEOS_DEPLOYMENT_TARGET = 15.0;
				MTL_ENABLE_DEBUG_INFO = NO;
				MTL_FAST_MATH = YES;
				SDKROOT = iphoneos;
				SWIFT_COMPILATION_MODE = wholemodule;
				SWIFT_OPTIMIZATION_LEVEL = "-O";
				VALIDATE_PRODUCT = YES;
			};
			name = Release;
		};
		04AA05C427845C9500D6C32A /* Debug */ = {
			isa = XCBuildConfiguration;
			baseConfigurationReference = ED4BC80D58DC44AC3760573C /* Pods-socializer.debug.xcconfig */;
			buildSettings = {
				ASSETCATALOG_COMPILER_APPICON_NAME = AppIcon;
				ASSETCATALOG_COMPILER_GLOBAL_ACCENT_COLOR_NAME = AccentColor;
				CODE_SIGN_ENTITLEMENTS = socializer/socializer.entitlements;
				CODE_SIGN_STYLE = Automatic;
				CURRENT_PROJECT_VERSION = 1;
				DEVELOPMENT_TEAM = "";
				GENERATE_INFOPLIST_FILE = YES;
				INFOPLIST_FILE = socializer/Info.plist;
				INFOPLIST_KEY_UIApplicationSupportsIndirectInputEvents = YES;
				INFOPLIST_KEY_UILaunchStoryboardName = LaunchScreen;
				INFOPLIST_KEY_UIMainStoryboardFile = Main;
				INFOPLIST_KEY_UISupportedInterfaceOrientations_iPad = "UIInterfaceOrientationPortrait UIInterfaceOrientationPortraitUpsideDown UIInterfaceOrientationLandscapeLeft UIInterfaceOrientationLandscapeRight";
				INFOPLIST_KEY_UISupportedInterfaceOrientations_iPhone = "UIInterfaceOrientationPortrait UIInterfaceOrientationLandscapeLeft UIInterfaceOrientationLandscapeRight";
				LD_RUNPATH_SEARCH_PATHS = (
					"$(inherited)",
					"@executable_path/Frameworks",
				);
				MARKETING_VERSION = 1.0;
				PRODUCT_BUNDLE_IDENTIFIER = com.yourIdentifier;
				PRODUCT_NAME = "$(TARGET_NAME)";
				SWIFT_EMIT_LOC_STRINGS = YES;
				SWIFT_VERSION = 5.0;
				TARGETED_DEVICE_FAMILY = "1,2";
			};
			name = Debug;
		};
		04AA05C527845C9500D6C32A /* Release */ = {
			isa = XCBuildConfiguration;
			baseConfigurationReference = 8AD6DB4B79A1BBA0238AA466 /* Pods-socializer.release.xcconfig */;
			buildSettings = {
				ASSETCATALOG_COMPILER_APPICON_NAME = AppIcon;
				ASSETCATALOG_COMPILER_GLOBAL_ACCENT_COLOR_NAME = AccentColor;
				CODE_SIGN_ENTITLEMENTS = socializer/socializer.entitlements;
				CODE_SIGN_STYLE = Automatic;
				CURRENT_PROJECT_VERSION = 1;
				DEVELOPMENT_TEAM = "";
				GENERATE_INFOPLIST_FILE = YES;
				INFOPLIST_FILE = socializer/Info.plist;
				INFOPLIST_KEY_UIApplicationSupportsIndirectInputEvents = YES;
				INFOPLIST_KEY_UILaunchStoryboardName = LaunchScreen;
				INFOPLIST_KEY_UIMainStoryboardFile = Main;
				INFOPLIST_KEY_UISupportedInterfaceOrientations_iPad = "UIInterfaceOrientationPortrait UIInterfaceOrientationPortraitUpsideDown UIInterfaceOrientationLandscapeLeft UIInterfaceOrientationLandscapeRight";
				INFOPLIST_KEY_UISupportedInterfaceOrientations_iPhone = "UIInterfaceOrientationPortrait UIInterfaceOrientationLandscapeLeft UIInterfaceOrientationLandscapeRight";
				LD_RUNPATH_SEARCH_PATHS = (
					"$(inherited)",
					"@executable_path/Frameworks",
				);
				MARKETING_VERSION = 1.0;
				PRODUCT_BUNDLE_IDENTIFIER = com.yourIdentifier;
				PRODUCT_NAME = "$(TARGET_NAME)";
				SWIFT_EMIT_LOC_STRINGS = YES;
				SWIFT_VERSION = 5.0;
				TARGETED_DEVICE_FAMILY = "1,2";
			};
			name = Release;
		};
		04AA05C727845C9500D6C32A /* Debug */ = {
			isa = XCBuildConfiguration;
			baseConfigurationReference = 14023B50CCCF699D3F1227BB /* Pods-socializerTests.debug.xcconfig */;
			buildSettings = {
				ALWAYS_EMBED_SWIFT_STANDARD_LIBRARIES = YES;
				BUNDLE_LOADER = "$(TEST_HOST)";
				CODE_SIGN_STYLE = Automatic;
				CURRENT_PROJECT_VERSION = 1;
				DEVELOPMENT_TEAM = C4J569CLQ5;
				GENERATE_INFOPLIST_FILE = YES;
				IPHONEOS_DEPLOYMENT_TARGET = 15.0;
				LD_RUNPATH_SEARCH_PATHS = (
					"$(inherited)",
					"@executable_path/Frameworks",
					"@loader_path/Frameworks",
				);
				MARKETING_VERSION = 1.0;
				PRODUCT_BUNDLE_IDENTIFIER = com.voiarides.voia.dev.socializerTests;
				PRODUCT_NAME = "$(TARGET_NAME)";
				SWIFT_EMIT_LOC_STRINGS = NO;
				SWIFT_VERSION = 5.0;
				TARGETED_DEVICE_FAMILY = "1,2";
				TEST_HOST = "$(BUILT_PRODUCTS_DIR)/socializer.app/socializer";
			};
			name = Debug;
		};
		04AA05C827845C9500D6C32A /* Release */ = {
			isa = XCBuildConfiguration;
			baseConfigurationReference = 95F9B19C58135AD745810CB2 /* Pods-socializerTests.release.xcconfig */;
			buildSettings = {
				ALWAYS_EMBED_SWIFT_STANDARD_LIBRARIES = YES;
				BUNDLE_LOADER = "$(TEST_HOST)";
				CODE_SIGN_STYLE = Automatic;
				CURRENT_PROJECT_VERSION = 1;
				DEVELOPMENT_TEAM = C4J569CLQ5;
				GENERATE_INFOPLIST_FILE = YES;
				IPHONEOS_DEPLOYMENT_TARGET = 15.0;
				LD_RUNPATH_SEARCH_PATHS = (
					"$(inherited)",
					"@executable_path/Frameworks",
					"@loader_path/Frameworks",
				);
				MARKETING_VERSION = 1.0;
				PRODUCT_BUNDLE_IDENTIFIER = com.voiarides.voia.dev.socializerTests;
				PRODUCT_NAME = "$(TARGET_NAME)";
				SWIFT_EMIT_LOC_STRINGS = NO;
				SWIFT_VERSION = 5.0;
				TARGETED_DEVICE_FAMILY = "1,2";
				TEST_HOST = "$(BUILT_PRODUCTS_DIR)/socializer.app/socializer";
			};
			name = Release;
		};
		04AA05CA27845C9500D6C32A /* Debug */ = {
			isa = XCBuildConfiguration;
			baseConfigurationReference = BA7DFBF4BD7C6CA402AC91A8 /* Pods-socializer-socializerUITests.debug.xcconfig */;
			buildSettings = {
				ALWAYS_EMBED_SWIFT_STANDARD_LIBRARIES = YES;
				CODE_SIGN_STYLE = Automatic;
				CURRENT_PROJECT_VERSION = 1;
				DEVELOPMENT_TEAM = C4J569CLQ5;
				GENERATE_INFOPLIST_FILE = YES;
				LD_RUNPATH_SEARCH_PATHS = (
					"$(inherited)",
					"@executable_path/Frameworks",
					"@loader_path/Frameworks",
				);
				MARKETING_VERSION = 1.0;
				PRODUCT_BUNDLE_IDENTIFIER = com.voiarides.voia.dev.socializerUITests;
				PRODUCT_NAME = "$(TARGET_NAME)";
				SWIFT_EMIT_LOC_STRINGS = NO;
				SWIFT_VERSION = 5.0;
				TARGETED_DEVICE_FAMILY = "1,2";
				TEST_TARGET_NAME = socializer;
			};
			name = Debug;
		};
		04AA05CB27845C9500D6C32A /* Release */ = {
			isa = XCBuildConfiguration;
			baseConfigurationReference = A0D962B08DEDE5D13B8EE12D /* Pods-socializer-socializerUITests.release.xcconfig */;
			buildSettings = {
				ALWAYS_EMBED_SWIFT_STANDARD_LIBRARIES = YES;
				CODE_SIGN_STYLE = Automatic;
				CURRENT_PROJECT_VERSION = 1;
				DEVELOPMENT_TEAM = C4J569CLQ5;
				GENERATE_INFOPLIST_FILE = YES;
				LD_RUNPATH_SEARCH_PATHS = (
					"$(inherited)",
					"@executable_path/Frameworks",
					"@loader_path/Frameworks",
				);
				MARKETING_VERSION = 1.0;
				PRODUCT_BUNDLE_IDENTIFIER = com.voiarides.voia.dev.socializerUITests;
				PRODUCT_NAME = "$(TARGET_NAME)";
				SWIFT_EMIT_LOC_STRINGS = NO;
				SWIFT_VERSION = 5.0;
				TARGETED_DEVICE_FAMILY = "1,2";
				TEST_TARGET_NAME = socializer;
			};
			name = Release;
		};
/* End XCBuildConfiguration section */

/* Begin XCConfigurationList section */
		04AA059427845C9300D6C32A /* Build configuration list for PBXProject "socializer" */ = {
			isa = XCConfigurationList;
			buildConfigurations = (
				04AA05C127845C9500D6C32A /* Debug */,
				04AA05C227845C9500D6C32A /* Release */,
			);
			defaultConfigurationIsVisible = 0;
			defaultConfigurationName = Release;
		};
		04AA05C327845C9500D6C32A /* Build configuration list for PBXNativeTarget "socializer" */ = {
			isa = XCConfigurationList;
			buildConfigurations = (
				04AA05C427845C9500D6C32A /* Debug */,
				04AA05C527845C9500D6C32A /* Release */,
			);
			defaultConfigurationIsVisible = 0;
			defaultConfigurationName = Release;
		};
		04AA05C627845C9500D6C32A /* Build configuration list for PBXNativeTarget "socializerTests" */ = {
			isa = XCConfigurationList;
			buildConfigurations = (
				04AA05C727845C9500D6C32A /* Debug */,
				04AA05C827845C9500D6C32A /* Release */,
			);
			defaultConfigurationIsVisible = 0;
			defaultConfigurationName = Release;
		};
		04AA05C927845C9500D6C32A /* Build configuration list for PBXNativeTarget "socializerUITests" */ = {
			isa = XCConfigurationList;
			buildConfigurations = (
				04AA05CA27845C9500D6C32A /* Debug */,
				04AA05CB27845C9500D6C32A /* Release */,
			);
			defaultConfigurationIsVisible = 0;
			defaultConfigurationName = Release;
		};
/* End XCConfigurationList section */
	};
	rootObject = 04AA059127845C9300D6C32A /* Project object */;
}
